
Microsoft Visual Studio Solution File, Format Version 12.00
# Visual Studio Version 16
VisualStudioVersion = 16.0.28803.156
MinimumVisualStudioVersion = 10.0.40219.1
Project("{FAE04EC0-301F-11D3-BF4B-00C04F79EFBC}") = "ProjectEuler", "ProjectEuler\ProjectEuler.csproj", "{B9BAEA6D-328B-4EBE-B8BD-93909D20320E}"
EndProject
Global
	GlobalSection(SolutionConfigurationPlatforms) = preSolution
		Debug|Any CPU = Debug|Any CPU
		Release|Any CPU = Release|Any CPU
	EndGlobalSection
	GlobalSection(ProjectConfigurationPlatforms) = postSolution
		{B9BAEA6D-328B-4EBE-B8BD-93909D20320E}.Debug|Any CPU.ActiveCfg = Debug|Any CPU
		{B9BAEA6D-328B-4EBE-B8BD-93909D20320E}.Debug|Any CPU.Build.0 = Debug|Any CPU
		{B9BAEA6D-328B-4EBE-B8BD-93909D20320E}.Release|Any CPU.ActiveCfg = Release|Any CPU
		{B9BAEA6D-328B-4EBE-B8BD-93909D20320E}.Release|Any CPU.Build.0 = Release|Any CPU
	EndGlobalSection
	GlobalSection(SolutionProperties) = preSolution
		HideSolutionNode = FALSE
	EndGlobalSection
	GlobalSection(ExtensibilityGlobals) = postSolution
		SolutionGuid = {269C8D27-C74B-445A-B9B0-3B318A28920C}
	EndGlobalSection
EndGlobal
