
Microsoft Visual Studio Solution File, Format Version 12.00
# Visual Studio Version 16
VisualStudioVersion = 16.0.28803.202
MinimumVisualStudioVersion = 10.0.40219.1
Project("{FAE04EC0-301F-11D3-BF4B-00C04F79EFBC}") = "ProjectEuler", "ProjectEuler\ProjectEuler.csproj", "{B135F366-3AF2-49E1-B337-FF8EB0223F0C}"
EndProject
Global
	GlobalSection(SolutionConfigurationPlatforms) = preSolution
		Debug|Any CPU = Debug|Any CPU
		Release|Any CPU = Release|Any CPU
	EndGlobalSection
	GlobalSection(ProjectConfigurationPlatforms) = postSolution
		{B135F366-3AF2-49E1-B337-FF8EB0223F0C}.Debug|Any CPU.ActiveCfg = Debug|Any CPU
		{B135F366-3AF2-49E1-B337-FF8EB0223F0C}.Debug|Any CPU.Build.0 = Debug|Any CPU
		{B135F366-3AF2-49E1-B337-FF8EB0223F0C}.Release|Any CPU.ActiveCfg = Release|Any CPU
		{B135F366-3AF2-49E1-B337-FF8EB0223F0C}.Release|Any CPU.Build.0 = Release|Any CPU
	EndGlobalSection
	GlobalSection(SolutionProperties) = preSolution
		HideSolutionNode = FALSE
	EndGlobalSection
	GlobalSection(ExtensibilityGlobals) = postSolution
		SolutionGuid = {8F39EE1B-438B-43CA-8B44-88043E1EABFB}
	EndGlobalSection
EndGlobal
